
Microsoft Visual Studio Solution File, Format Version 12.00
# Visual Studio Version 16
VisualStudioVersion = 16.0.29306.81
MinimumVisualStudioVersion = 10.0.40219.1
Project("{9A19103F-16F7-4668-BE54-9A1E7A4F7556}") = "Filling form", "Filling form.csproj", "{46681809-F65C-4707-88AB-387A1D452879}"
EndProject
Global
	GlobalSection(SolutionConfigurationPlatforms) = preSolution
		Debug|Any CPU = Debug|Any CPU
		Release|Any CPU = Release|Any CPU
	EndGlobalSection
	GlobalSection(ProjectConfigurationPlatforms) = postSolution
		{46681809-F65C-4707-88AB-387A1D452879}.Debug|Any CPU.ActiveCfg = Debug|Any CPU
		{46681809-F65C-4707-88AB-387A1D452879}.Debug|Any CPU.Build.0 = Debug|Any CPU
		{46681809-F65C-4707-88AB-387A1D452879}.Release|Any CPU.ActiveCfg = Release|Any CPU
		{46681809-F65C-4707-88AB-387A1D452879}.Release|Any CPU.Build.0 = Release|Any CPU
	EndGlobalSection
	GlobalSection(SolutionProperties) = preSolution
		HideSolutionNode = FALSE
	EndGlobalSection
	GlobalSection(ExtensibilityGlobals) = postSolution
		SolutionGuid = {8041AEEB-A267-4D95-ADB8-5D45A5D64D1E}
	EndGlobalSection
EndGlobal
