
Microsoft Visual Studio Solution File, Format Version 12.00
# Visual Studio Version 16
VisualStudioVersion = 16.0.30320.27
MinimumVisualStudioVersion = 10.0.40219.1
Project("{9A19103F-16F7-4668-BE54-9A1E7A4F7556}") = "SublineTest", "BrandNewPurchaseOptions\SublineTest.csproj", "{0E505EA9-1DB2-43D4-B48E-EB24A0B372FE}"
EndProject
Global
	GlobalSection(SolutionConfigurationPlatforms) = preSolution
		Debug|Any CPU = Debug|Any CPU
		Release|Any CPU = Release|Any CPU
	EndGlobalSection
	GlobalSection(ProjectConfigurationPlatforms) = postSolution
		{0E505EA9-1DB2-43D4-B48E-EB24A0B372FE}.Debug|Any CPU.ActiveCfg = Debug|Any CPU
		{0E505EA9-1DB2-43D4-B48E-EB24A0B372FE}.Debug|Any CPU.Build.0 = Debug|Any CPU
		{0E505EA9-1DB2-43D4-B48E-EB24A0B372FE}.Release|Any CPU.ActiveCfg = Release|Any CPU
		{0E505EA9-1DB2-43D4-B48E-EB24A0B372FE}.Release|Any CPU.Build.0 = Release|Any CPU
	EndGlobalSection
	GlobalSection(SolutionProperties) = preSolution
		HideSolutionNode = FALSE
	EndGlobalSection
	GlobalSection(ExtensibilityGlobals) = postSolution
		SolutionGuid = {783F63D4-95B6-4A3B-957B-BDCADF4BDB75}
	EndGlobalSection
EndGlobal
